{
  "lib/ccip": {
    "tag": {
      "name": "v2.9.0",
      "rev": "065ef85b5fa52bb4583ebad9e51c20a977b64e7a"
    }
  },
  "lib/openzeppelin-contracts": {
    "rev": "5fd1781b1454fd1ef8e722282f86f9293cacf256"
  },
  "lib/prb-math": {
    "tag": {
      "name": "v4.1.1",
      "rev": "b51e8631ed28d3cc917c491dd47cd6c3ff652edc"
    }
  }
}